
Microsoft Visual Studio Solution File, Format Version 12.00
Project("{FAE04EC0-301F-11D3-BF4B-00C04F79EFBC}") = "tryout", "tryout.csproj", "{C85DCD89-8883-48B9-A0E2-A3DEEE787129}"
EndProject
Global
	GlobalSection(SolutionConfigurationPlatforms) = preSolution
		Debug|Any CPU = Debug|Any CPU
		Release|Any CPU = Release|Any CPU
	EndGlobalSection
	GlobalSection(ProjectConfigurationPlatforms) = postSolution
		{C85DCD89-8883-48B9-A0E2-A3DEEE787129}.Debug|Any CPU.ActiveCfg = Debug|Any CPU
		{C85DCD89-8883-48B9-A0E2-A3DEEE787129}.Debug|Any CPU.Build.0 = Debug|Any CPU
		{C85DCD89-8883-48B9-A0E2-A3DEEE787129}.Release|Any CPU.ActiveCfg = Release|Any CPU
		{C85DCD89-8883-48B9-A0E2-A3DEEE787129}.Release|Any CPU.Build.0 = Release|Any CPU
	EndGlobalSection
EndGlobal
